
Microsoft Visual Studio Solution File, Format Version 12.00
# Visual Studio Version 16
VisualStudioVersion = 16.0.29326.143
MinimumVisualStudioVersion = 10.0.40219.1
Project("{9A19103F-16F7-4668-BE54-9A1E7A4F7556}") = "API", "Project\API.csproj", "{B033F24F-4A87-40BC-AEDF-E4A6E9F736AA}"
EndProject
Project("{FAE04EC0-301F-11D3-BF4B-00C04F79EFBC}") = "BLL", "BLL\BLL.csproj", "{016C95FA-648A-48D9-86BB-DBE7E9DFBAD0}"
EndProject
Project("{FAE04EC0-301F-11D3-BF4B-00C04F79EFBC}") = "DAL", "DAL\DAL.csproj", "{FBF525B0-6B10-4088-9743-579D4AAC60AE}"
EndProject
Global
	GlobalSection(SolutionConfigurationPlatforms) = preSolution
		Debug|Any CPU = Debug|Any CPU
		Release|Any CPU = Release|Any CPU
	EndGlobalSection
	GlobalSection(ProjectConfigurationPlatforms) = postSolution
		{B033F24F-4A87-40BC-AEDF-E4A6E9F736AA}.Debug|Any CPU.ActiveCfg = Debug|Any CPU
		{B033F24F-4A87-40BC-AEDF-E4A6E9F736AA}.Debug|Any CPU.Build.0 = Debug|Any CPU
		{B033F24F-4A87-40BC-AEDF-E4A6E9F736AA}.Release|Any CPU.ActiveCfg = Release|Any CPU
		{B033F24F-4A87-40BC-AEDF-E4A6E9F736AA}.Release|Any CPU.Build.0 = Release|Any CPU
		{016C95FA-648A-48D9-86BB-DBE7E9DFBAD0}.Debug|Any CPU.ActiveCfg = Debug|Any CPU
		{016C95FA-648A-48D9-86BB-DBE7E9DFBAD0}.Debug|Any CPU.Build.0 = Debug|Any CPU
		{016C95FA-648A-48D9-86BB-DBE7E9DFBAD0}.Release|Any CPU.ActiveCfg = Release|Any CPU
		{016C95FA-648A-48D9-86BB-DBE7E9DFBAD0}.Release|Any CPU.Build.0 = Release|Any CPU
		{FBF525B0-6B10-4088-9743-579D4AAC60AE}.Debug|Any CPU.ActiveCfg = Debug|Any CPU
		{FBF525B0-6B10-4088-9743-579D4AAC60AE}.Debug|Any CPU.Build.0 = Debug|Any CPU
		{FBF525B0-6B10-4088-9743-579D4AAC60AE}.Release|Any CPU.ActiveCfg = Release|Any CPU
		{FBF525B0-6B10-4088-9743-579D4AAC60AE}.Release|Any CPU.Build.0 = Release|Any CPU
	EndGlobalSection
	GlobalSection(SolutionProperties) = preSolution
		HideSolutionNode = FALSE
	EndGlobalSection
	GlobalSection(ExtensibilityGlobals) = postSolution
		SolutionGuid = {DD80019E-7376-4F25-A648-5B84C2736525}
	EndGlobalSection
EndGlobal
